{
    "packages": {
        "nalgeon/uuid": {
            "owner": "nalgeon",
            "name": "uuid",
            "version": "0.22.0",
            "specfile": "https://github.com/nalgeon/sqlpkg/raw/main/pkg/nalgeon/uuid.json",
            "assets": {
                "path": "https://github.com/nalgeon/sqlean/releases/download/0.22.0",
                "pattern": "uuid*",
                "files": {
                    "darwin-amd64": "sqlean-macos-x86.zip",
                    "darwin-arm64": "sqlean-macos-arm64.zip",
                    "linux-amd64": "sqlean-linux-x86.zip",
                    "linux-arm64": "sqlean-linux-arm64.zip",
                    "windows-amd64": "sqlean-win-x64.zip"
                }
            }
        }
    }
}